
Microsoft Visual Studio Solution File, Format Version 12.00
# Visual Studio Version 17
VisualStudioVersion = 17.0.31903.59
MinimumVisualStudioVersion = 10.0.40219.1
Project("{2150E333-8FDC-42A3-9474-1A3956D46DE8}") = "TA", "TA", "{7D834088-36DD-4D5F-9EA3-8679698F7868}"
EndProject
Project("{2150E333-8FDC-42A3-9474-1A3956D46DE8}") = "DOTNET Project", "DOTNET Project", "{5027825D-1790-4CC3-BA2C-11E43C611757}"
EndProject
Project("{FAE04EC0-301F-11D3-BF4B-00C04F79EFBC}") = "helloWorldwith.NET", "TA\DOTNET Project\helloWorldwith.NET\helloWorldwith.NET.csproj", "{BAF79204-9F23-408D-98CA-84906E8F91F4}"
EndProject
Global
	GlobalSection(SolutionConfigurationPlatforms) = preSolution
		Debug|Any CPU = Debug|Any CPU
		Release|Any CPU = Release|Any CPU
	EndGlobalSection
	GlobalSection(SolutionProperties) = preSolution
		HideSolutionNode = FALSE
	EndGlobalSection
	GlobalSection(ProjectConfigurationPlatforms) = postSolution
		{BAF79204-9F23-408D-98CA-84906E8F91F4}.Debug|Any CPU.ActiveCfg = Debug|Any CPU
		{BAF79204-9F23-408D-98CA-84906E8F91F4}.Debug|Any CPU.Build.0 = Debug|Any CPU
		{BAF79204-9F23-408D-98CA-84906E8F91F4}.Release|Any CPU.ActiveCfg = Release|Any CPU
		{BAF79204-9F23-408D-98CA-84906E8F91F4}.Release|Any CPU.Build.0 = Release|Any CPU
	EndGlobalSection
	GlobalSection(NestedProjects) = preSolution
		{5027825D-1790-4CC3-BA2C-11E43C611757} = {7D834088-36DD-4D5F-9EA3-8679698F7868}
		{BAF79204-9F23-408D-98CA-84906E8F91F4} = {5027825D-1790-4CC3-BA2C-11E43C611757}
	EndGlobalSection
EndGlobal
